
Microsoft Visual Studio Solution File, Format Version 12.00
# Visual Studio 15
VisualStudioVersion = 15.0.27130.2027
MinimumVisualStudioVersion = 10.0.40219.1
Project("{FAE04EC0-301F-11D3-BF4B-00C04F79EFBC}") = "[CST356] - Lab4", "[CST356] - Lab4\[CST356] - Lab4.csproj", "{65440B98-A75A-4047-BB2E-ADBC5E11AB7C}"
EndProject
Project("{FAE04EC0-301F-11D3-BF4B-00C04F79EFBC}") = "MyAppApi", "MyAppApi\MyAppApi.csproj", "{40C4A3E4-9482-4575-99BF-7C07E72C3676}"
EndProject
Global
	GlobalSection(SolutionConfigurationPlatforms) = preSolution
		Debug|Any CPU = Debug|Any CPU
		Release|Any CPU = Release|Any CPU
	EndGlobalSection
	GlobalSection(ProjectConfigurationPlatforms) = postSolution
		{65440B98-A75A-4047-BB2E-ADBC5E11AB7C}.Debug|Any CPU.ActiveCfg = Debug|Any CPU
		{65440B98-A75A-4047-BB2E-ADBC5E11AB7C}.Debug|Any CPU.Build.0 = Debug|Any CPU
		{65440B98-A75A-4047-BB2E-ADBC5E11AB7C}.Release|Any CPU.ActiveCfg = Release|Any CPU
		{65440B98-A75A-4047-BB2E-ADBC5E11AB7C}.Release|Any CPU.Build.0 = Release|Any CPU
		{40C4A3E4-9482-4575-99BF-7C07E72C3676}.Debug|Any CPU.ActiveCfg = Debug|Any CPU
		{40C4A3E4-9482-4575-99BF-7C07E72C3676}.Debug|Any CPU.Build.0 = Debug|Any CPU
		{40C4A3E4-9482-4575-99BF-7C07E72C3676}.Release|Any CPU.ActiveCfg = Release|Any CPU
		{40C4A3E4-9482-4575-99BF-7C07E72C3676}.Release|Any CPU.Build.0 = Release|Any CPU
	EndGlobalSection
	GlobalSection(SolutionProperties) = preSolution
		HideSolutionNode = FALSE
	EndGlobalSection
	GlobalSection(ExtensibilityGlobals) = postSolution
		SolutionGuid = {74147623-0421-44F1-A85F-F69405807074}
	EndGlobalSection
EndGlobal
